// !$*UTF8*$!
{
	archiveVersion = 1;
	classes = {
	};
	objectVersion = 46;
	objects = {

/* Begin PBXBuildFile section */
		552E3732EC8D0CF2171CB2D3 /* libPods-夜猫.a in Frameworks */ = {isa = PBXBuildFile; fileRef = 2D44487AFC42C79300BFBBC7 /* libPods-夜猫.a */; };
		CC15813C1D587382007FBA1B /* main.m in Sources */ = {isa = PBXBuildFile; fileRef = CC15813B1D587382007FBA1B /* main.m */; };
		CC1581451D587382007FBA1B /* Main.storyboard in Resources */ = {isa = PBXBuildFile; fileRef = CC1581431D587382007FBA1B /* Main.storyboard */; };
		CC1581471D587382007FBA1B /* Assets.xcassets in Resources */ = {isa = PBXBuildFile; fileRef = CC1581461D587382007FBA1B /* Assets.xcassets */; };
		CC15814A1D587382007FBA1B /* LaunchScreen.storyboard in Resources */ = {isa = PBXBuildFile; fileRef = CC1581481D587382007FBA1B /* LaunchScreen.storyboard */; };
		CC15815E1D587432007FBA1B /* AppDelegate.m in Sources */ = {isa = PBXBuildFile; fileRef = CC1581571D587432007FBA1B /* AppDelegate.m */; };
		CC15815F1D587432007FBA1B /* MainViewController.m in Sources */ = {isa = PBXBuildFile; fileRef = CC1581591D587432007FBA1B /* MainViewController.m */; };
		CC1581621D587546007FBA1B /* YHTabBar.m in Sources */ = {isa = PBXBuildFile; fileRef = CC1581611D587546007FBA1B /* YHTabBar.m */; };
		CC1581681D5875F8007FBA1B /* YHTextViewController.m in Sources */ = {isa = PBXBuildFile; fileRef = CC1581671D5875F8007FBA1B /* YHTextViewController.m */; };
		CC15816D1D587641007FBA1B /* YHTextCellModel.m in Sources */ = {isa = PBXBuildFile; fileRef = CC15816A1D587641007FBA1B /* YHTextCellModel.m */; };
		CC1581721D587682007FBA1B /* TextViewCell.m in Sources */ = {isa = PBXBuildFile; fileRef = CC1581701D587682007FBA1B /* TextViewCell.m */; };
		CC1581731D587682007FBA1B /* TextViewCell.xib in Resources */ = {isa = PBXBuildFile; fileRef = CC1581711D587682007FBA1B /* TextViewCell.xib */; };
		CCBCC9841D5AB8720008B742 /* setCellList.plist in Resources */ = {isa = PBXBuildFile; fileRef = CCBCC9831D5AB8720008B742 /* setCellList.plist */; };
		CCBCC9871D5ABF750008B742 /* SetViewModel.m in Sources */ = {isa = PBXBuildFile; fileRef = CCBCC9861D5ABF750008B742 /* SetViewModel.m */; };
		CCBCC9A51D5B4FA70008B742 /* arrow@2x.png in Resources */ = {isa = PBXBuildFile; fileRef = CCBCC98F1D5B4FA70008B742 /* arrow@2x.png */; };
		CCBCC9A61D5B4FA70008B742 /* PINBaseRefreshControl.m in Sources */ = {isa = PBXBuildFile; fileRef = CCBCC9911D5B4FA70008B742 /* PINBaseRefreshControl.m */; };
		CCBCC9A71D5B4FA70008B742 /* PINAutoRefreshFooter.m in Sources */ = {isa = PBXBuildFile; fileRef = CCBCC9951D5B4FA70008B742 /* PINAutoRefreshFooter.m */; };
		CCBCC9A81D5B4FA70008B742 /* PINGifRefreshFooter.m in Sources */ = {isa = PBXBuildFile; fileRef = CCBCC9971D5B4FA70008B742 /* PINGifRefreshFooter.m */; };
		CCBCC9A91D5B4FA70008B742 /* PINNormalRefreshFooter.m in Sources */ = {isa = PBXBuildFile; fileRef = CCBCC9991D5B4FA70008B742 /* PINNormalRefreshFooter.m */; };
		CCBCC9AA1D5B4FA70008B742 /* PINGifRefreshHeader.m in Sources */ = {isa = PBXBuildFile; fileRef = CCBCC99C1D5B4FA70008B742 /* PINGifRefreshHeader.m */; };
		CCBCC9AB1D5B4FA70008B742 /* PINNormalRefreshHeader.m in Sources */ = {isa = PBXBuildFile; fileRef = CCBCC99E1D5B4FA70008B742 /* PINNormalRefreshHeader.m */; };
		CCBCC9AC1D5B4FA70008B742 /* UIScrollView+PINExtension.m in Sources */ = {isa = PBXBuildFile; fileRef = CCBCC9A01D5B4FA70008B742 /* UIScrollView+PINExtension.m */; };
		CCBCC9AD1D5B4FA70008B742 /* UIScrollView+PINRefresh.m in Sources */ = {isa = PBXBuildFile; fileRef = CCBCC9A21D5B4FA70008B742 /* UIScrollView+PINRefresh.m */; };
		CCBCC9AE1D5B4FA70008B742 /* UIView+PINFrame.m in Sources */ = {isa = PBXBuildFile; fileRef = CCBCC9A41D5B4FA70008B742 /* UIView+PINFrame.m */; };
		CCC39E5B1D596A51007285E4 /* SetViewController.m in Sources */ = {isa = PBXBuildFile; fileRef = CCC39E5A1D596A51007285E4 /* SetViewController.m */; };
		CCC39E821D59C571007285E4 /* SetTableViewCell.m in Sources */ = {isa = PBXBuildFile; fileRef = CCC39E801D59C571007285E4 /* SetTableViewCell.m */; };
		CCC39E831D59C571007285E4 /* SetTableViewCell.xib in Resources */ = {isa = PBXBuildFile; fileRef = CCC39E811D59C571007285E4 /* SetTableViewCell.xib */; };
		CCC39EC91D5A0ADC007285E4 /* YHImageViewController.m in Sources */ = {isa = PBXBuildFile; fileRef = CCC39EC11D5A0ADC007285E4 /* YHImageViewController.m */; };
		CCC39ECA1D5A0ADC007285E4 /* YHImageCellModel.m in Sources */ = {isa = PBXBuildFile; fileRef = CCC39EC41D5A0ADC007285E4 /* YHImageCellModel.m */; };
		CCC39ECB1D5A0ADC007285E4 /* ImageViewCell.m in Sources */ = {isa = PBXBuildFile; fileRef = CCC39EC71D5A0ADC007285E4 /* ImageViewCell.m */; };
		CCC39ECC1D5A0ADC007285E4 /* ImageViewCell.xib in Resources */ = {isa = PBXBuildFile; fileRef = CCC39EC81D5A0ADC007285E4 /* ImageViewCell.xib */; };
		CCCEAEF11D5B626200D84FB3 /* xingkong.png in Resources */ = {isa = PBXBuildFile; fileRef = CCCEAEF01D5B626200D84FB3 /* xingkong.png */; };
/* End PBXBuildFile section */

/* Begin PBXFileReference section */
		1DECA5234E5BF9CAAFB011BF /* Pods-夜猫.debug.xcconfig */ = {isa = PBXFileReference; includeInIndex = 1; lastKnownFileType = text.xcconfig; name = "Pods-夜猫.debug.xcconfig"; path = "Pods/Target Support Files/Pods-夜猫/Pods-夜猫.debug.xcconfig"; sourceTree = "<group>"; };
		2D44487AFC42C79300BFBBC7 /* libPods-夜猫.a */ = {isa = PBXFileReference; explicitFileType = archive.ar; includeInIndex = 0; path = "libPods-夜猫.a"; sourceTree = BUILT_PRODUCTS_DIR; };
		CC1581371D587382007FBA1B /* 夜猫.app */ = {isa = PBXFileReference; explicitFileType = wrapper.application; includeInIndex = 0; path = "夜猫.app"; sourceTree = BUILT_PRODUCTS_DIR; };
		CC15813B1D587382007FBA1B /* main.m */ = {isa = PBXFileReference; lastKnownFileType = sourcecode.c.objc; path = main.m; sourceTree = "<group>"; };
		CC1581441D587382007FBA1B /* Base */ = {isa = PBXFileReference; lastKnownFileType = file.storyboard; name = Base; path = Base.lproj/Main.storyboard; sourceTree = "<group>"; };
		CC1581461D587382007FBA1B /* Assets.xcassets */ = {isa = PBXFileReference; lastKnownFileType = folder.assetcatalog; path = Assets.xcassets; sourceTree = "<group>"; };
		CC1581491D587382007FBA1B /* Base */ = {isa = PBXFileReference; lastKnownFileType = file.storyboard; name = Base; path = Base.lproj/LaunchScreen.storyboard; sourceTree = "<group>"; };
		CC15814B1D587382007FBA1B /* Info.plist */ = {isa = PBXFileReference; lastKnownFileType = text.plist.xml; path = Info.plist; sourceTree = "<group>"; };
		CC1581561D587432007FBA1B /* AppDelegate.h */ = {isa = PBXFileReference; fileEncoding = 4; lastKnownFileType = sourcecode.c.h; path = AppDelegate.h; sourceTree = "<group>"; };
		CC1581571D587432007FBA1B /* AppDelegate.m */ = {isa = PBXFileReference; fileEncoding = 4; lastKnownFileType = sourcecode.c.objc; path = AppDelegate.m; sourceTree = "<group>"; };
		CC1581581D587432007FBA1B /* MainViewController.h */ = {isa = PBXFileReference; fileEncoding = 4; lastKnownFileType = sourcecode.c.h; path = MainViewController.h; sourceTree = "<group>"; };
		CC1581591D587432007FBA1B /* MainViewController.m */ = {isa = PBXFileReference; fileEncoding = 4; lastKnownFileType = sourcecode.c.objc; path = MainViewController.m; sourceTree = "<group>"; };
		CC1581601D587546007FBA1B /* YHTabBar.h */ = {isa = PBXFileReference; fileEncoding = 4; lastKnownFileType = sourcecode.c.h; path = YHTabBar.h; sourceTree = "<group>"; };
		CC1581611D587546007FBA1B /* YHTabBar.m */ = {isa = PBXFileReference; fileEncoding = 4; lastKnownFileType = sourcecode.c.objc; path = YHTabBar.m; sourceTree = "<group>"; };
		CC1581661D5875F8007FBA1B /* YHTextViewController.h */ = {isa = PBXFileReference; fileEncoding = 4; lastKnownFileType = sourcecode.c.h; path = YHTextViewController.h; sourceTree = "<group>"; };
		CC1581671D5875F8007FBA1B /* YHTextViewController.m */ = {isa = PBXFileReference; fileEncoding = 4; lastKnownFileType = sourcecode.c.objc; path = YHTextViewController.m; sourceTree = "<group>"; };
		CC1581691D587641007FBA1B /* YHTextCellModel.h */ = {isa = PBXFileReference; fileEncoding = 4; lastKnownFileType = sourcecode.c.h; path = YHTextCellModel.h; sourceTree = "<group>"; };
		CC15816A1D587641007FBA1B /* YHTextCellModel.m */ = {isa = PBXFileReference; fileEncoding = 4; lastKnownFileType = sourcecode.c.objc; path = YHTextCellModel.m; sourceTree = "<group>"; };
		CC15816F1D587682007FBA1B /* TextViewCell.h */ = {isa = PBXFileReference; fileEncoding = 4; lastKnownFileType = sourcecode.c.h; path = TextViewCell.h; sourceTree = "<group>"; };
		CC1581701D587682007FBA1B /* TextViewCell.m */ = {isa = PBXFileReference; fileEncoding = 4; lastKnownFileType = sourcecode.c.objc; path = TextViewCell.m; sourceTree = "<group>"; };
		CC1581711D587682007FBA1B /* TextViewCell.xib */ = {isa = PBXFileReference; fileEncoding = 4; lastKnownFileType = file.xib; path = TextViewCell.xib; sourceTree = "<group>"; };
		CCBCC9831D5AB8720008B742 /* setCellList.plist */ = {isa = PBXFileReference; fileEncoding = 4; lastKnownFileType = text.plist.xml; name = setCellList.plist; path = SetView/Controller/setCellList.plist; sourceTree = "<group>"; };
		CCBCC9851D5ABF750008B742 /* SetViewModel.h */ = {isa = PBXFileReference; fileEncoding = 4; lastKnownFileType = sourcecode.c.h; path = SetViewModel.h; sourceTree = "<group>"; };
		CCBCC9861D5ABF750008B742 /* SetViewModel.m */ = {isa = PBXFileReference; fileEncoding = 4; lastKnownFileType = sourcecode.c.objc; path = SetViewModel.m; sourceTree = "<group>"; };
		CCBCC98F1D5B4FA70008B742 /* arrow@2x.png */ = {isa = PBXFileReference; lastKnownFileType = image.png; path = "arrow@2x.png"; sourceTree = "<group>"; };
		CCBCC9901D5B4FA70008B742 /* PINBaseRefreshControl.h */ = {isa = PBXFileReference; fileEncoding = 4; lastKnownFileType = sourcecode.c.h; path = PINBaseRefreshControl.h; sourceTree = "<group>"; };
		CCBCC9911D5B4FA70008B742 /* PINBaseRefreshControl.m */ = {isa = PBXFileReference; fileEncoding = 4; lastKnownFileType = sourcecode.c.objc; path = PINBaseRefreshControl.m; sourceTree = "<group>"; };
		CCBCC9921D5B4FA70008B742 /* PINRefreshConfig.h */ = {isa = PBXFileReference; fileEncoding = 4; lastKnownFileType = sourcecode.c.h; path = PINRefreshConfig.h; sourceTree = "<group>"; };
		CCBCC9941D5B4FA70008B742 /* PINAutoRefreshFooter.h */ = {isa = PBXFileReference; fileEncoding = 4; lastKnownFileType = sourcecode.c.h; path = PINAutoRefreshFooter.h; sourceTree = "<group>"; };
		CCBCC9951D5B4FA70008B742 /* PINAutoRefreshFooter.m */ = {isa = PBXFileReference; fileEncoding = 4; lastKnownFileType = sourcecode.c.objc; path = PINAutoRefreshFooter.m; sourceTree = "<group>"; };
		CCBCC9961D5B4FA70008B742 /* PINGifRefreshFooter.h */ = {isa = PBXFileReference; fileEncoding = 4; lastKnownFileType = sourcecode.c.h; path = PINGifRefreshFooter.h; sourceTree = "<group>"; };
		CCBCC9971D5B4FA70008B742 /* PINGifRefreshFooter.m */ = {isa = PBXFileReference; fileEncoding = 4; lastKnownFileType = sourcecode.c.objc; path = PINGifRefreshFooter.m; sourceTree = "<group>"; };
		CCBCC9981D5B4FA70008B742 /* PINNormalRefreshFooter.h */ = {isa = PBXFileReference; fileEncoding = 4; lastKnownFileType = sourcecode.c.h; path = PINNormalRefreshFooter.h; sourceTree = "<group>"; };
		CCBCC9991D5B4FA70008B742 /* PINNormalRefreshFooter.m */ = {isa = PBXFileReference; fileEncoding = 4; lastKnownFileType = sourcecode.c.objc; path = PINNormalRefreshFooter.m; sourceTree = "<group>"; };
		CCBCC99B1D5B4FA70008B742 /* PINGifRefreshHeader.h */ = {isa = PBXFileReference; fileEncoding = 4; lastKnownFileType = sourcecode.c.h; path = PINGifRefreshHeader.h; sourceTree = "<group>"; };
		CCBCC99C1D5B4FA70008B742 /* PINGifRefreshHeader.m */ = {isa = PBXFileReference; fileEncoding = 4; lastKnownFileType = sourcecode.c.objc; path = PINGifRefreshHeader.m; sourceTree = "<group>"; };
		CCBCC99D1D5B4FA70008B742 /* PINNormalRefreshHeader.h */ = {isa = PBXFileReference; fileEncoding = 4; lastKnownFileType = sourcecode.c.h; path = PINNormalRefreshHeader.h; sourceTree = "<group>"; };
		CCBCC99E1D5B4FA70008B742 /* PINNormalRefreshHeader.m */ = {isa = PBXFileReference; fileEncoding = 4; lastKnownFileType = sourcecode.c.objc; path = PINNormalRefreshHeader.m; sourceTree = "<group>"; };
		CCBCC99F1D5B4FA70008B742 /* UIScrollView+PINExtension.h */ = {isa = PBXFileReference; fileEncoding = 4; lastKnownFileType = sourcecode.c.h; path = "UIScrollView+PINExtension.h"; sourceTree = "<group>"; };
		CCBCC9A01D5B4FA70008B742 /* UIScrollView+PINExtension.m */ = {isa = PBXFileReference; fileEncoding = 4; lastKnownFileType = sourcecode.c.objc; path = "UIScrollView+PINExtension.m"; sourceTree = "<group>"; };
		CCBCC9A11D5B4FA70008B742 /* UIScrollView+PINRefresh.h */ = {isa = PBXFileReference; fileEncoding = 4; lastKnownFileType = sourcecode.c.h; path = "UIScrollView+PINRefresh.h"; sourceTree = "<group>"; };
		CCBCC9A21D5B4FA70008B742 /* UIScrollView+PINRefresh.m */ = {isa = PBXFileReference; fileEncoding = 4; lastKnownFileType = sourcecode.c.objc; path = "UIScrollView+PINRefresh.m"; sourceTree = "<group>"; };
		CCBCC9A31D5B4FA70008B742 /* UIView+PINFrame.h */ = {isa = PBXFileReference; fileEncoding = 4; lastKnownFileType = sourcecode.c.h; path = "UIView+PINFrame.h"; sourceTree = "<group>"; };
		CCBCC9A41D5B4FA70008B742 /* UIView+PINFrame.m */ = {isa = PBXFileReference; fileEncoding = 4; lastKnownFileType = sourcecode.c.objc; path = "UIView+PINFrame.m"; sourceTree = "<group>"; };
		CCC39E591D596A51007285E4 /* SetViewController.h */ = {isa = PBXFileReference; fileEncoding = 4; lastKnownFileType = sourcecode.c.h; path = SetViewController.h; sourceTree = "<group>"; };
		CCC39E5A1D596A51007285E4 /* SetViewController.m */ = {isa = PBXFileReference; fileEncoding = 4; lastKnownFileType = sourcecode.c.objc; path = SetViewController.m; sourceTree = "<group>"; };
		CCC39E7F1D59C571007285E4 /* SetTableViewCell.h */ = {isa = PBXFileReference; fileEncoding = 4; lastKnownFileType = sourcecode.c.h; path = SetTableViewCell.h; sourceTree = "<group>"; };
		CCC39E801D59C571007285E4 /* SetTableViewCell.m */ = {isa = PBXFileReference; fileEncoding = 4; lastKnownFileType = sourcecode.c.objc; path = SetTableViewCell.m; sourceTree = "<group>"; };
		CCC39E811D59C571007285E4 /* SetTableViewCell.xib */ = {isa = PBXFileReference; fileEncoding = 4; lastKnownFileType = file.xib; path = SetTableViewCell.xib; sourceTree = "<group>"; };
		CCC39EC01D5A0ADC007285E4 /* YHImageViewController.h */ = {isa = PBXFileReference; fileEncoding = 4; lastKnownFileType = sourcecode.c.h; path = YHImageViewController.h; sourceTree = "<group>"; };
		CCC39EC11D5A0ADC007285E4 /* YHImageViewController.m */ = {isa = PBXFileReference; fileEncoding = 4; lastKnownFileType = sourcecode.c.objc; path = YHImageViewController.m; sourceTree = "<group>"; };
		CCC39EC31D5A0ADC007285E4 /* YHImageCellModel.h */ = {isa = PBXFileReference; fileEncoding = 4; lastKnownFileType = sourcecode.c.h; path = YHImageCellModel.h; sourceTree = "<group>"; };
		CCC39EC41D5A0ADC007285E4 /* YHImageCellModel.m */ = {isa = PBXFileReference; fileEncoding = 4; lastKnownFileType = sourcecode.c.objc; path = YHImageCellModel.m; sourceTree = "<group>"; };
		CCC39EC61D5A0ADC007285E4 /* ImageViewCell.h */ = {isa = PBXFileReference; fileEncoding = 4; lastKnownFileType = sourcecode.c.h; path = ImageViewCell.h; sourceTree = "<group>"; };
		CCC39EC71D5A0ADC007285E4 /* ImageViewCell.m */ = {isa = PBXFileReference; fileEncoding = 4; lastKnownFileType = sourcecode.c.objc; path = ImageViewCell.m; sourceTree = "<group>"; };
		CCC39EC81D5A0ADC007285E4 /* ImageViewCell.xib */ = {isa = PBXFileReference; fileEncoding = 4; lastKnownFileType = file.xib; path = ImageViewCell.xib; sourceTree = "<group>"; };
		CCCEAEF01D5B626200D84FB3 /* xingkong.png */ = {isa = PBXFileReference; lastKnownFileType = image.png; path = xingkong.png; sourceTree = "<group>"; };
		DF4CB979340A07AC8FC4BBD7 /* Pods-夜猫.release.xcconfig */ = {isa = PBXFileReference; includeInIndex = 1; lastKnownFileType = text.xcconfig; name = "Pods-夜猫.release.xcconfig"; path = "Pods/Target Support Files/Pods-夜猫/Pods-夜猫.release.xcconfig"; sourceTree = "<group>"; };
/* End PBXFileReference section */

/* Begin PBXFrameworksBuildPhase section */
		CC1581341D587382007FBA1B /* Frameworks */ = {
			isa = PBXFrameworksBuildPhase;
			buildActionMask = 2147483647;
			files = (
				552E3732EC8D0CF2171CB2D3 /* libPods-夜猫.a in Frameworks */,
			);
			runOnlyForDeploymentPostprocessing = 0;
		};
/* End PBXFrameworksBuildPhase section */

/* Begin PBXGroup section */
		095B2A0C9D1E7B0C0A32B055 /* Pods */ = {
			isa = PBXGroup;
			children = (
				1DECA5234E5BF9CAAFB011BF /* Pods-夜猫.debug.xcconfig */,
				DF4CB979340A07AC8FC4BBD7 /* Pods-夜猫.release.xcconfig */,
			);
			name = Pods;
			sourceTree = "<group>";
		};
		AE49CE67F266C105353DC960 /* Frameworks */ = {
			isa = PBXGroup;
			children = (
				2D44487AFC42C79300BFBBC7 /* libPods-夜猫.a */,
			);
			name = Frameworks;
			sourceTree = "<group>";
		};
		CC15812E1D587382007FBA1B = {
			isa = PBXGroup;
			children = (
				CC1581391D587382007FBA1B /* 夜猫 */,
				CC1581381D587382007FBA1B /* Products */,
				095B2A0C9D1E7B0C0A32B055 /* Pods */,
				AE49CE67F266C105353DC960 /* Frameworks */,
			);
			sourceTree = "<group>";
		};
		CC1581381D587382007FBA1B /* Products */ = {
			isa = PBXGroup;
			children = (
				CC1581371D587382007FBA1B /* 夜猫.app */,
			);
			name = Products;
			sourceTree = "<group>";
		};
		CC1581391D587382007FBA1B /* 夜猫 */ = {
			isa = PBXGroup;
			children = (
				CCC39EBE1D5A0ADC007285E4 /* ImageView */,
				CC1581551D587432007FBA1B /* Mian */,
				CCBCC98E1D5B4FA70008B742 /* PINRefresh */,
				CCC39E551D596A24007285E4 /* SetView */,
				CC15815A1D587432007FBA1B /* TextView */,
				CC1581431D587382007FBA1B /* Main.storyboard */,
				CC1581461D587382007FBA1B /* Assets.xcassets */,
				CCCEAEF01D5B626200D84FB3 /* xingkong.png */,
				CC1581481D587382007FBA1B /* LaunchScreen.storyboard */,
				CCBCC9831D5AB8720008B742 /* setCellList.plist */,
				CC15814B1D587382007FBA1B /* Info.plist */,
				CC15813A1D587382007FBA1B /* Supporting Files */,
			);
			path = "夜猫";
			sourceTree = "<group>";
		};
		CC15813A1D587382007FBA1B /* Supporting Files */ = {
			isa = PBXGroup;
			children = (
				CC15813B1D587382007FBA1B /* main.m */,
			);
			name = "Supporting Files";
			sourceTree = "<group>";
		};
		CC1581551D587432007FBA1B /* Mian */ = {
			isa = PBXGroup;
			children = (
				CC1581561D587432007FBA1B /* AppDelegate.h */,
				CC1581571D587432007FBA1B /* AppDelegate.m */,
				CC1581581D587432007FBA1B /* MainViewController.h */,
				CC1581591D587432007FBA1B /* MainViewController.m */,
				CC1581601D587546007FBA1B /* YHTabBar.h */,
				CC1581611D587546007FBA1B /* YHTabBar.m */,
			);
			path = Mian;
			sourceTree = "<group>";
		};
		CC15815A1D587432007FBA1B /* TextView */ = {
			isa = PBXGroup;
			children = (
				CC15815B1D587432007FBA1B /* Controller */,
				CC15815C1D587432007FBA1B /* Model */,
				CC15815D1D587432007FBA1B /* View */,
			);
			path = TextView;
			sourceTree = "<group>";
		};
		CC15815B1D587432007FBA1B /* Controller */ = {
			isa = PBXGroup;
			children = (
				CC1581661D5875F8007FBA1B /* YHTextViewController.h */,
				CC1581671D5875F8007FBA1B /* YHTextViewController.m */,
			);
			path = Controller;
			sourceTree = "<group>";
		};
		CC15815C1D587432007FBA1B /* Model */ = {
			isa = PBXGroup;
			children = (
				CC1581691D587641007FBA1B /* YHTextCellModel.h */,
				CC15816A1D587641007FBA1B /* YHTextCellModel.m */,
			);
			path = Model;
			sourceTree = "<group>";
		};
		CC15815D1D587432007FBA1B /* View */ = {
			isa = PBXGroup;
			children = (
				CC15816F1D587682007FBA1B /* TextViewCell.h */,
				CC1581701D587682007FBA1B /* TextViewCell.m */,
				CC1581711D587682007FBA1B /* TextViewCell.xib */,
			);
			path = View;
			sourceTree = "<group>";
		};
		CCBCC98E1D5B4FA70008B742 /* PINRefresh */ = {
			isa = PBXGroup;
			children = (
				CCBCC98F1D5B4FA70008B742 /* arrow@2x.png */,
				CCBCC9901D5B4FA70008B742 /* PINBaseRefreshControl.h */,
				CCBCC9911D5B4FA70008B742 /* PINBaseRefreshControl.m */,
				CCBCC9921D5B4FA70008B742 /* PINRefreshConfig.h */,
				CCBCC9931D5B4FA70008B742 /* PINRefreshFooter */,
				CCBCC99A1D5B4FA70008B742 /* PINRefreshHeader */,
				CCBCC99F1D5B4FA70008B742 /* UIScrollView+PINExtension.h */,
				CCBCC9A01D5B4FA70008B742 /* UIScrollView+PINExtension.m */,
				CCBCC9A11D5B4FA70008B742 /* UIScrollView+PINRefresh.h */,
				CCBCC9A21D5B4FA70008B742 /* UIScrollView+PINRefresh.m */,
				CCBCC9A31D5B4FA70008B742 /* UIView+PINFrame.h */,
				CCBCC9A41D5B4FA70008B742 /* UIView+PINFrame.m */,
			);
			path = PINRefresh;
			sourceTree = "<group>";
		};
		CCBCC9931D5B4FA70008B742 /* PINRefreshFooter */ = {
			isa = PBXGroup;
			children = (
				CCBCC9941D5B4FA70008B742 /* PINAutoRefreshFooter.h */,
				CCBCC9951D5B4FA70008B742 /* PINAutoRefreshFooter.m */,
				CCBCC9961D5B4FA70008B742 /* PINGifRefreshFooter.h */,
				CCBCC9971D5B4FA70008B742 /* PINGifRefreshFooter.m */,
				CCBCC9981D5B4FA70008B742 /* PINNormalRefreshFooter.h */,
				CCBCC9991D5B4FA70008B742 /* PINNormalRefreshFooter.m */,
			);
			path = PINRefreshFooter;
			sourceTree = "<group>";
		};
		CCBCC99A1D5B4FA70008B742 /* PINRefreshHeader */ = {
			isa = PBXGroup;
			children = (
				CCBCC99B1D5B4FA70008B742 /* PINGifRefreshHeader.h */,
				CCBCC99C1D5B4FA70008B742 /* PINGifRefreshHeader.m */,
				CCBCC99D1D5B4FA70008B742 /* PINNormalRefreshHeader.h */,
				CCBCC99E1D5B4FA70008B742 /* PINNormalRefreshHeader.m */,
			);
			path = PINRefreshHeader;
			sourceTree = "<group>";
		};
		CCC39E551D596A24007285E4 /* SetView */ = {
			isa = PBXGroup;
			children = (
				CCC39E561D596A24007285E4 /* Controller */,
				CCC39E571D596A24007285E4 /* Model */,
				CCC39E581D596A24007285E4 /* View */,
			);
			path = SetView;
			sourceTree = "<group>";
		};
		CCC39E561D596A24007285E4 /* Controller */ = {
			isa = PBXGroup;
			children = (
				CCC39E591D596A51007285E4 /* SetViewController.h */,
				CCC39E5A1D596A51007285E4 /* SetViewController.m */,
			);
			path = Controller;
			sourceTree = "<group>";
		};
		CCC39E571D596A24007285E4 /* Model */ = {
			isa = PBXGroup;
			children = (
				CCBCC9851D5ABF750008B742 /* SetViewModel.h */,
				CCBCC9861D5ABF750008B742 /* SetViewModel.m */,
			);
			path = Model;
			sourceTree = "<group>";
		};
		CCC39E581D596A24007285E4 /* View */ = {
			isa = PBXGroup;
			children = (
				CCC39E7F1D59C571007285E4 /* SetTableViewCell.h */,
				CCC39E801D59C571007285E4 /* SetTableViewCell.m */,
				CCC39E811D59C571007285E4 /* SetTableViewCell.xib */,
			);
			path = View;
			sourceTree = "<group>";
		};
		CCC39EBE1D5A0ADC007285E4 /* ImageView */ = {
			isa = PBXGroup;
			children = (
				CCC39EBF1D5A0ADC007285E4 /* Controller */,
				CCC39EC21D5A0ADC007285E4 /* Model */,
				CCC39EC51D5A0ADC007285E4 /* View */,
			);
			path = ImageView;
			sourceTree = "<group>";
		};
		CCC39EBF1D5A0ADC007285E4 /* Controller */ = {
			isa = PBXGroup;
			children = (
				CCC39EC01D5A0ADC007285E4 /* YHImageViewController.h */,
				CCC39EC11D5A0ADC007285E4 /* YHImageViewController.m */,
			);
			path = Controller;
			sourceTree = "<group>";
		};
		CCC39EC21D5A0ADC007285E4 /* Model */ = {
			isa = PBXGroup;
			children = (
				CCC39EC31D5A0ADC007285E4 /* YHImageCellModel.h */,
				CCC39EC41D5A0ADC007285E4 /* YHImageCellModel.m */,
			);
			path = Model;
			sourceTree = "<group>";
		};
		CCC39EC51D5A0ADC007285E4 /* View */ = {
			isa = PBXGroup;
			children = (
				CCC39EC61D5A0ADC007285E4 /* ImageViewCell.h */,
				CCC39EC71D5A0ADC007285E4 /* ImageViewCell.m */,
				CCC39EC81D5A0ADC007285E4 /* ImageViewCell.xib */,
			);
			path = View;
			sourceTree = "<group>";
		};
/* End PBXGroup section */

/* Begin PBXNativeTarget section */
		CC1581361D587382007FBA1B /* 夜猫 */ = {
			isa = PBXNativeTarget;
			buildConfigurationList = CC15814E1D587382007FBA1B /* Build configuration list for PBXNativeTarget "夜猫" */;
			buildPhases = (
				178DCA68ECB71F01E6643E6F /* [CP] Check Pods Manifest.lock */,
				CC1581331D587382007FBA1B /* Sources */,
				CC1581341D587382007FBA1B /* Frameworks */,
				CC1581351D587382007FBA1B /* Resources */,
				B3B365DBAB2AA95A8B801C3B /* [CP] Embed Pods Frameworks */,
				62AF1F55A6B8A52BBF1F8A1E /* [CP] Copy Pods Resources */,
			);
			buildRules = (
			);
			dependencies = (
			);
			name = "夜猫";
			productName = "夜猫";
			productReference = CC1581371D587382007FBA1B /* 夜猫.app */;
			productType = "com.apple.product-type.application";
		};
/* End PBXNativeTarget section */

/* Begin PBXProject section */
		CC15812F1D587382007FBA1B /* Project object */ = {
			isa = PBXProject;
			attributes = {
				LastUpgradeCheck = 0730;
				ORGANIZATIONNAME = qingyun;
				TargetAttributes = {
					CC1581361D587382007FBA1B = {
						CreatedOnToolsVersion = 7.3;
						DevelopmentTeam = 73W72LVS68;
					};
				};
			};
			buildConfigurationList = CC1581321D587382007FBA1B /* Build configuration list for PBXProject "夜猫" */;
			compatibilityVersion = "Xcode 3.2";
			developmentRegion = English;
			hasScannedForEncodings = 0;
			knownRegions = (
				en,
				Base,
			);
			mainGroup = CC15812E1D587382007FBA1B;
			productRefGroup = CC1581381D587382007FBA1B /* Products */;
			projectDirPath = "";
			projectRoot = "";
			targets = (
				CC1581361D587382007FBA1B /* 夜猫 */,
			);
		};
/* End PBXProject section */

/* Begin PBXResourcesBuildPhase section */
		CC1581351D587382007FBA1B /* Resources */ = {
			isa = PBXResourcesBuildPhase;
			buildActionMask = 2147483647;
			files = (
				CC15814A1D587382007FBA1B /* LaunchScreen.storyboard in Resources */,
				CC1581731D587682007FBA1B /* TextViewCell.xib in Resources */,
				CC1581471D587382007FBA1B /* Assets.xcassets in Resources */,
				CC1581451D587382007FBA1B /* Main.storyboard in Resources */,
				CCC39ECC1D5A0ADC007285E4 /* ImageViewCell.xib in Resources */,
				CCC39E831D59C571007285E4 /* SetTableViewCell.xib in Resources */,
				CCBCC9841D5AB8720008B742 /* setCellList.plist in Resources */,
				CCCEAEF11D5B626200D84FB3 /* xingkong.png in Resources */,
				CCBCC9A51D5B4FA70008B742 /* arrow@2x.png in Resources */,
			);
			runOnlyForDeploymentPostprocessing = 0;
		};
/* End PBXResourcesBuildPhase section */

/* Begin PBXShellScriptBuildPhase section */
		178DCA68ECB71F01E6643E6F /* [CP] Check Pods Manifest.lock */ = {
			isa = PBXShellScriptBuildPhase;
			buildActionMask = 2147483647;
			files = (
			);
			inputPaths = (
			);
			name = "[CP] Check Pods Manifest.lock";
			outputPaths = (
			);
			runOnlyForDeploymentPostprocessing = 0;
			shellPath = /bin/sh;
			shellScript = "diff \"${PODS_ROOT}/../Podfile.lock\" \"${PODS_ROOT}/Manifest.lock\" > /dev/null\nif [[ $? != 0 ]] ; then\n    cat << EOM\nerror: The sandbox is not in sync with the Podfile.lock. Run 'pod install' or update your CocoaPods installation.\nEOM\n    exit 1\nfi\n";
			showEnvVarsInLog = 0;
		};
		62AF1F55A6B8A52BBF1F8A1E /* [CP] Copy Pods Resources */ = {
			isa = PBXShellScriptBuildPhase;
			buildActionMask = 2147483647;
			files = (
			);
			inputPaths = (
			);
			name = "[CP] Copy Pods Resources";
			outputPaths = (
			);
			runOnlyForDeploymentPostprocessing = 0;
			shellPath = /bin/sh;
			shellScript = "\"${SRCROOT}/Pods/Target Support Files/Pods-夜猫/Pods-夜猫-resources.sh\"\n";
			showEnvVarsInLog = 0;
		};
		B3B365DBAB2AA95A8B801C3B /* [CP] Embed Pods Frameworks */ = {
			isa = PBXShellScriptBuildPhase;
			buildActionMask = 2147483647;
			files = (
			);
			inputPaths = (
			);
			name = "[CP] Embed Pods Frameworks";
			outputPaths = (
			);
			runOnlyForDeploymentPostprocessing = 0;
			shellPath = /bin/sh;
			shellScript = "\"${SRCROOT}/Pods/Target Support Files/Pods-夜猫/Pods-夜猫-frameworks.sh\"\n";
			showEnvVarsInLog = 0;
		};
/* End PBXShellScriptBuildPhase section */

/* Begin PBXSourcesBuildPhase section */
		CC1581331D587382007FBA1B /* Sources */ = {
			isa = PBXSourcesBuildPhase;
			buildActionMask = 2147483647;
			files = (
				CCC39ECB1D5A0ADC007285E4 /* ImageViewCell.m in Sources */,
				CC1581721D587682007FBA1B /* TextViewCell.m in Sources */,
				CC15815F1D587432007FBA1B /* MainViewController.m in Sources */,
				CCBCC9AD1D5B4FA70008B742 /* UIScrollView+PINRefresh.m in Sources */,
				CC1581681D5875F8007FBA1B /* YHTextViewController.m in Sources */,
				CCBCC9A61D5B4FA70008B742 /* PINBaseRefreshControl.m in Sources */,
				CCBCC9AA1D5B4FA70008B742 /* PINGifRefreshHeader.m in Sources */,
				CCBCC9A91D5B4FA70008B742 /* PINNormalRefreshFooter.m in Sources */,
				CCBCC9A71D5B4FA70008B742 /* PINAutoRefreshFooter.m in Sources */,
				CC15815E1D587432007FBA1B /* AppDelegate.m in Sources */,
				CC15816D1D587641007FBA1B /* YHTextCellModel.m in Sources */,
				CCC39EC91D5A0ADC007285E4 /* YHImageViewController.m in Sources */,
				CCBCC9AE1D5B4FA70008B742 /* UIView+PINFrame.m in Sources */,
				CCC39E821D59C571007285E4 /* SetTableViewCell.m in Sources */,
				CC1581621D587546007FBA1B /* YHTabBar.m in Sources */,
				CCBCC9AB1D5B4FA70008B742 /* PINNormalRefreshHeader.m in Sources */,
				CCBCC9A81D5B4FA70008B742 /* PINGifRefreshFooter.m in Sources */,
				CCC39E5B1D596A51007285E4 /* SetViewController.m in Sources */,
				CCC39ECA1D5A0ADC007285E4 /* YHImageCellModel.m in Sources */,
				CCBCC9AC1D5B4FA70008B742 /* UIScrollView+PINExtension.m in Sources */,
				CCBCC9871D5ABF750008B742 /* SetViewModel.m in Sources */,
				CC15813C1D587382007FBA1B /* main.m in Sources */,
			);
			runOnlyForDeploymentPostprocessing = 0;
		};
/* End PBXSourcesBuildPhase section */

/* Begin PBXVariantGroup section */
		CC1581431D587382007FBA1B /* Main.storyboard */ = {
			isa = PBXVariantGroup;
			children = (
				CC1581441D587382007FBA1B /* Base */,
			);
			name = Main.storyboard;
			sourceTree = "<group>";
		};
		CC1581481D587382007FBA1B /* LaunchScreen.storyboard */ = {
			isa = PBXVariantGroup;
			children = (
				CC1581491D587382007FBA1B /* Base */,
			);
			name = LaunchScreen.storyboard;
			sourceTree = "<group>";
		};
/* End PBXVariantGroup section */

/* Begin XCBuildConfiguration section */
		CC15814C1D587382007FBA1B /* Debug */ = {
			isa = XCBuildConfiguration;
			buildSettings = {
				ALWAYS_SEARCH_USER_PATHS = NO;
				CLANG_ANALYZER_NONNULL = YES;
				CLANG_CXX_LANGUAGE_STANDARD = "gnu++0x";
				CLANG_CXX_LIBRARY = "libc++";
				CLANG_ENABLE_MODULES = YES;
				CLANG_ENABLE_OBJC_ARC = YES;
				CLANG_WARN_BOOL_CONVERSION = YES;
				CLANG_WARN_CONSTANT_CONVERSION = YES;
				CLANG_WARN_DIRECT_OBJC_ISA_USAGE = YES_ERROR;
				CLANG_WARN_EMPTY_BODY = YES;
				CLANG_WARN_ENUM_CONVERSION = YES;
				CLANG_WARN_INT_CONVERSION = YES;
				CLANG_WARN_OBJC_ROOT_CLASS = YES_ERROR;
				CLANG_WARN_UNREACHABLE_CODE = YES;
				CLANG_WARN__DUPLICATE_METHOD_MATCH = YES;
				"CODE_SIGN_IDENTITY[sdk=iphoneos*]" = "iPhone Developer";
				COPY_PHASE_STRIP = NO;
				DEBUG_INFORMATION_FORMAT = dwarf;
				ENABLE_STRICT_OBJC_MSGSEND = YES;
				ENABLE_TESTABILITY = YES;
				GCC_C_LANGUAGE_STANDARD = gnu99;
				GCC_DYNAMIC_NO_PIC = NO;
				GCC_NO_COMMON_BLOCKS = YES;
				GCC_OPTIMIZATION_LEVEL = 0;
				GCC_PREPROCESSOR_DEFINITIONS = (
					"DEBUG=1",
					"$(inherited)",
				);
				GCC_WARN_64_TO_32_BIT_CONVERSION = YES;
				GCC_WARN_ABOUT_RETURN_TYPE = YES_ERROR;
				GCC_WARN_UNDECLARED_SELECTOR = YES;
				GCC_WARN_UNINITIALIZED_AUTOS = YES_AGGRESSIVE;
				GCC_WARN_UNUSED_FUNCTION = YES;
				GCC_WARN_UNUSED_VARIABLE = YES;
				IPHONEOS_DEPLOYMENT_TARGET = 9.3;
				MTL_ENABLE_DEBUG_INFO = YES;
				ONLY_ACTIVE_ARCH = YES;
				SDKROOT = iphoneos;
				TARGETED_DEVICE_FAMILY = "1,2";
			};
			name = Debug;
		};
		CC15814D1D587382007FBA1B /* Release */ = {
			isa = XCBuildConfiguration;
			buildSettings = {
				ALWAYS_SEARCH_USER_PATHS = NO;
				CLANG_ANALYZER_NONNULL = YES;
				CLANG_CXX_LANGUAGE_STANDARD = "gnu++0x";
				CLANG_CXX_LIBRARY = "libc++";
				CLANG_ENABLE_MODULES = YES;
				CLANG_ENABLE_OBJC_ARC = YES;
				CLANG_WARN_BOOL_CONVERSION = YES;
				CLANG_WARN_CONSTANT_CONVERSION = YES;
				CLANG_WARN_DIRECT_OBJC_ISA_USAGE = YES_ERROR;
				CLANG_WARN_EMPTY_BODY = YES;
				CLANG_WARN_ENUM_CONVERSION = YES;
				CLANG_WARN_INT_CONVERSION = YES;
				CLANG_WARN_OBJC_ROOT_CLASS = YES_ERROR;
				CLANG_WARN_UNREACHABLE_CODE = YES;
				CLANG_WARN__DUPLICATE_METHOD_MATCH = YES;
				"CODE_SIGN_IDENTITY[sdk=iphoneos*]" = "iPhone Developer";
				COPY_PHASE_STRIP = NO;
				DEBUG_INFORMATION_FORMAT = "dwarf-with-dsym";
				ENABLE_NS_ASSERTIONS = NO;
				ENABLE_STRICT_OBJC_MSGSEND = YES;
				GCC_C_LANGUAGE_STANDARD = gnu99;
				GCC_NO_COMMON_BLOCKS = YES;
				GCC_WARN_64_TO_32_BIT_CONVERSION = YES;
				GCC_WARN_ABOUT_RETURN_TYPE = YES_ERROR;
				GCC_WARN_UNDECLARED_SELECTOR = YES;
				GCC_WARN_UNINITIALIZED_AUTOS = YES_AGGRESSIVE;
				GCC_WARN_UNUSED_FUNCTION = YES;
				GCC_WARN_UNUSED_VARIABLE = YES;
				IPHONEOS_DEPLOYMENT_TARGET = 9.3;
				MTL_ENABLE_DEBUG_INFO = NO;
				SDKROOT = iphoneos;
				TARGETED_DEVICE_FAMILY = "1,2";
				VALIDATE_PRODUCT = YES;
			};
			name = Release;
		};
		CC15814F1D587382007FBA1B /* Debug */ = {
			isa = XCBuildConfiguration;
			baseConfigurationReference = 1DECA5234E5BF9CAAFB011BF /* Pods-夜猫.debug.xcconfig */;
			buildSettings = {
				ASSETCATALOG_COMPILER_APPICON_NAME = AppIcon;
				CODE_SIGN_IDENTITY = "iPhone Distribution: HeNanZhengzhou HeNan (73W72LVS68)";
				"CODE_SIGN_IDENTITY[sdk=iphoneos*]" = "iPhone Distribution: HeNanZhengzhou HeNan (73W72LVS68)";
				INFOPLIST_FILE = "夜猫/Info.plist";
				IPHONEOS_DEPLOYMENT_TARGET = 9.3;
				LD_RUNPATH_SEARCH_PATHS = "$(inherited) @executable_path/Frameworks";
				PRODUCT_BUNDLE_IDENTIFIER = com.yuanhao.yemao;
				PRODUCT_NAME = "夜猫";
				PROVISIONING_PROFILE = "";
				TARGETED_DEVICE_FAMILY = 1;
			};
			name = Debug;
		};
		CC1581501D587382007FBA1B /* Release */ = {
			isa = XCBuildConfiguration;
			baseConfigurationReference = DF4CB979340A07AC8FC4BBD7 /* Pods-夜猫.release.xcconfig */;
			buildSettings = {
				ASSETCATALOG_COMPILER_APPICON_NAME = AppIcon;
				CODE_SIGN_IDENTITY = "iPhone Distribution: HeNanZhengzhou HeNan (73W72LVS68)";
				"CODE_SIGN_IDENTITY[sdk=iphoneos*]" = "iPhone Distribution: HeNanZhengzhou HeNan (73W72LVS68)";
				INFOPLIST_FILE = "夜猫/Info.plist";
				IPHONEOS_DEPLOYMENT_TARGET = 9.3;
				LD_RUNPATH_SEARCH_PATHS = "$(inherited) @executable_path/Frameworks";
				PRODUCT_BUNDLE_IDENTIFIER = com.yuanhao.yemao;
				PRODUCT_NAME = "夜猫";
				PROVISIONING_PROFILE = "";
				TARGETED_DEVICE_FAMILY = 1;
			};
			name = Release;
		};
/* End XCBuildConfiguration section */

/* Begin XCConfigurationList section */
		CC1581321D587382007FBA1B /* Build configuration list for PBXProject "夜猫" */ = {
			isa = XCConfigurationList;
			buildConfigurations = (
				CC15814C1D587382007FBA1B /* Debug */,
				CC15814D1D587382007FBA1B /* Release */,
			);
			defaultConfigurationIsVisible = 0;
			defaultConfigurationName = Release;
		};
		CC15814E1D587382007FBA1B /* Build configuration list for PBXNativeTarget "夜猫" */ = {
			isa = XCConfigurationList;
			buildConfigurations = (
				CC15814F1D587382007FBA1B /* Debug */,
				CC1581501D587382007FBA1B /* Release */,
			);
			defaultConfigurationIsVisible = 0;
			defaultConfigurationName = Release;
		};
/* End XCConfigurationList section */
	};
	rootObject = CC15812F1D587382007FBA1B /* Project object */;
}
